
Microsoft Visual Studio Solution File, Format Version 12.00
# Visual Studio 2013
VisualStudioVersion = 12.0.21005.1
MinimumVisualStudioVersion = 10.0.40219.1
Project("{8BC9CEB8-8B4A-11D0-8D11-00A0C91BC942}") = "test_70", "test_70\test_70.vcxproj", "{D79989B3-D911-41CD-B1B2-B0B310C8CAB6}"
EndProject
Global
	GlobalSection(SolutionConfigurationPlatforms) = preSolution
		Debug|Win32 = Debug|Win32
		Release|Win32 = Release|Win32
	EndGlobalSection
	GlobalSection(ProjectConfigurationPlatforms) = postSolution
		{D79989B3-D911-41CD-B1B2-B0B310C8CAB6}.Debug|Win32.ActiveCfg = Debug|Win32
		{D79989B3-D911-41CD-B1B2-B0B310C8CAB6}.Debug|Win32.Build.0 = Debug|Win32
		{D79989B3-D911-41CD-B1B2-B0B310C8CAB6}.Release|Win32.ActiveCfg = Release|Win32
		{D79989B3-D911-41CD-B1B2-B0B310C8CAB6}.Release|Win32.Build.0 = Release|Win32
	EndGlobalSection
	GlobalSection(SolutionProperties) = preSolution
		HideSolutionNode = FALSE
	EndGlobalSection
EndGlobal
